
Microsoft Visual Studio Solution File, Format Version 12.00
# Visual Studio Version 17
VisualStudioVersion = 17.10.35013.160
MinimumVisualStudioVersion = 10.0.40219.1
Project("{FAE04EC0-301F-11D3-BF4B-00C04F79EFBC}") = "ServerSide", "ServerSide\ServerSide.csproj", "{FD5A39C8-398E-4696-B21E-56E472D78A78}"
EndProject
Project("{FAE04EC0-301F-11D3-BF4B-00C04F79EFBC}") = "ClientSide", "ClientSide\ClientSide.csproj", "{1561B562-6942-496C-A52C-B5B67C1C96E8}"
EndProject
Global
	GlobalSection(SolutionConfigurationPlatforms) = preSolution
		Debug|Any CPU = Debug|Any CPU
		Release|Any CPU = Release|Any CPU
	EndGlobalSection
	GlobalSection(ProjectConfigurationPlatforms) = postSolution
		{FD5A39C8-398E-4696-B21E-56E472D78A78}.Debug|Any CPU.ActiveCfg = Debug|Any CPU
		{FD5A39C8-398E-4696-B21E-56E472D78A78}.Debug|Any CPU.Build.0 = Debug|Any CPU
		{FD5A39C8-398E-4696-B21E-56E472D78A78}.Release|Any CPU.ActiveCfg = Release|Any CPU
		{FD5A39C8-398E-4696-B21E-56E472D78A78}.Release|Any CPU.Build.0 = Release|Any CPU
		{1561B562-6942-496C-A52C-B5B67C1C96E8}.Debug|Any CPU.ActiveCfg = Debug|Any CPU
		{1561B562-6942-496C-A52C-B5B67C1C96E8}.Debug|Any CPU.Build.0 = Debug|Any CPU
		{1561B562-6942-496C-A52C-B5B67C1C96E8}.Release|Any CPU.ActiveCfg = Release|Any CPU
		{1561B562-6942-496C-A52C-B5B67C1C96E8}.Release|Any CPU.Build.0 = Release|Any CPU
	EndGlobalSection
	GlobalSection(SolutionProperties) = preSolution
		HideSolutionNode = FALSE
	EndGlobalSection
	GlobalSection(ExtensibilityGlobals) = postSolution
		SolutionGuid = {3BC123AF-65EA-47C3-9742-709E530D331F}
	EndGlobalSection
EndGlobal
